{
  "name": "@skywire-london/actions-conventional-changelog-lint",
  "version": "0.1.0",
  "lockfileVersion": 1,
  "requires": true,
  "dependencies": {
    "@actions/core": {
      "version": "1.2.5",
      "resolved": "https://registry.npmjs.org/@actions/core/-/core-1.2.5.tgz",
      "integrity": "sha512-mwpoNjHSWWh0IiALdDEQi3tru124JKn0yVNziIBzTME8QRv7thwoghVuT1jBRjFvdtoHsqD58IRHy1nf86paRg=="
    },
    "@skywire-london/conventional-changelog-lint": {
      "version": "1.0.1",
      "resolved": "https://registry.npmjs.org/@skywire-london/conventional-changelog-lint/-/conventional-changelog-lint-1.0.1.tgz",
      "integrity": "sha512-v3FBvtk2ZEmK5rHrLHESKicheTuIy7iZ3+ouqdJrrILvcIYztOVtRjd8rhHDocVCBvrLD+D0ec0axtPOOmEO5A=="
    }
  }
}
